// !$*UTF8*$!
{
	archiveVersion = 1;
	classes = {
	};
	objectVersion = 56;
	objects = {

/* Begin PBXBuildFile section */
		007602302B74FC5C0038595E /* Kingfisher in Frameworks */ = {isa = PBXBuildFile; productRef = 0076022F2B74FC5C0038595E /* Kingfisher */; };
		00A385742B737E3E005938E8 /* AppDelegate.swift in Sources */ = {isa = PBXBuildFile; fileRef = 00A385732B737E3E005938E8 /* AppDelegate.swift */; };
		00A385762B737E3E005938E8 /* SceneDelegate.swift in Sources */ = {isa = PBXBuildFile; fileRef = 00A385752B737E3E005938E8 /* SceneDelegate.swift */; };
		00A385782B737E3E005938E8 /* ViewController.swift in Sources */ = {isa = PBXBuildFile; fileRef = 00A385772B737E3E005938E8 /* ViewController.swift */; };
		00A3857B2B737E3E005938E8 /* Main.storyboard in Resources */ = {isa = PBXBuildFile; fileRef = 00A385792B737E3E005938E8 /* Main.storyboard */; };
		00A3857D2B737E3F005938E8 /* Assets.xcassets in Resources */ = {isa = PBXBuildFile; fileRef = 00A3857C2B737E3F005938E8 /* Assets.xcassets */; };
		00A385802B737E3F005938E8 /* LaunchScreen.storyboard in Resources */ = {isa = PBXBuildFile; fileRef = 00A3857E2B737E3F005938E8 /* LaunchScreen.storyboard */; };
		00A385892B737EFC005938E8 /* SnapKit in Frameworks */ = {isa = PBXBuildFile; productRef = 00A385882B737EFC005938E8 /* SnapKit */; };
		00A3858C2B737F18005938E8 /* Kingfisher in Frameworks */ = {isa = PBXBuildFile; productRef = 00A3858B2B737F18005938E8 /* Kingfisher */; };
		00A3858F2B737F37005938E8 /* Alamofire in Frameworks */ = {isa = PBXBuildFile; productRef = 00A3858E2B737F37005938E8 /* Alamofire */; };
		00A385922B737F51005938E8 /* ProfileViewController.swift in Sources */ = {isa = PBXBuildFile; fileRef = 00A385912B737F51005938E8 /* ProfileViewController.swift */; };
		00A385952B739376005938E8 /* UIViewControllerConfigurationProtocol.swift in Sources */ = {isa = PBXBuildFile; fileRef = 00A385942B739376005938E8 /* UIViewControllerConfigurationProtocol.swift */; };
		00A385982B73971B005938E8 /* CustomInputContainerView.swift in Sources */ = {isa = PBXBuildFile; fileRef = 00A385972B73971B005938E8 /* CustomInputContainerView.swift */; };
		00DD19832B749DE6008CF4F9 /* InputViewController.swift in Sources */ = {isa = PBXBuildFile; fileRef = 00DD19822B749DE6008CF4F9 /* InputViewController.swift */; };
		00DD19862B74CFF0008CF4F9 /* UITextField+Extension.swift in Sources */ = {isa = PBXBuildFile; fileRef = 00DD19852B74CFF0008CF4F9 /* UITextField+Extension.swift */; };
		00DD19892B74E253008CF4F9 /* UnsplashPhotoPicker in Frameworks */ = {isa = PBXBuildFile; productRef = 00DD19882B74E253008CF4F9 /* UnsplashPhotoPicker */; };
		00DD198B2B74EBFB008CF4F9 /* APIKeys.swift in Sources */ = {isa = PBXBuildFile; fileRef = 00DD198A2B74EBFB008CF4F9 /* APIKeys.swift */; };
		00DD198D2B74EC75008CF4F9 /* ImagePickerViewController.swift in Sources */ = {isa = PBXBuildFile; fileRef = 00DD198C2B74EC75008CF4F9 /* ImagePickerViewController.swift */; };
/* End PBXBuildFile section */

/* Begin PBXFileReference section */
		00A385702B737E3E005938E8 /* ValueTransferPrac.app */ = {isa = PBXFileReference; explicitFileType = wrapper.application; includeInIndex = 0; path = ValueTransferPrac.app; sourceTree = BUILT_PRODUCTS_DIR; };
		00A385732B737E3E005938E8 /* AppDelegate.swift */ = {isa = PBXFileReference; lastKnownFileType = sourcecode.swift; path = AppDelegate.swift; sourceTree = "<group>"; };
		00A385752B737E3E005938E8 /* SceneDelegate.swift */ = {isa = PBXFileReference; lastKnownFileType = sourcecode.swift; path = SceneDelegate.swift; sourceTree = "<group>"; };
		00A385772B737E3E005938E8 /* ViewController.swift */ = {isa = PBXFileReference; lastKnownFileType = sourcecode.swift; path = ViewController.swift; sourceTree = "<group>"; };
		00A3857A2B737E3E005938E8 /* Base */ = {isa = PBXFileReference; lastKnownFileType = file.storyboard; name = Base; path = Base.lproj/Main.storyboard; sourceTree = "<group>"; };
		00A3857C2B737E3F005938E8 /* Assets.xcassets */ = {isa = PBXFileReference; lastKnownFileType = folder.assetcatalog; path = Assets.xcassets; sourceTree = "<group>"; };
		00A3857F2B737E3F005938E8 /* Base */ = {isa = PBXFileReference; lastKnownFileType = file.storyboard; name = Base; path = Base.lproj/LaunchScreen.storyboard; sourceTree = "<group>"; };
		00A385812B737E3F005938E8 /* Info.plist */ = {isa = PBXFileReference; lastKnownFileType = text.plist.xml; path = Info.plist; sourceTree = "<group>"; };
		00A385912B737F51005938E8 /* ProfileViewController.swift */ = {isa = PBXFileReference; lastKnownFileType = sourcecode.swift; path = ProfileViewController.swift; sourceTree = "<group>"; };
		00A385942B739376005938E8 /* UIViewControllerConfigurationProtocol.swift */ = {isa = PBXFileReference; lastKnownFileType = sourcecode.swift; path = UIViewControllerConfigurationProtocol.swift; sourceTree = "<group>"; };
		00A385972B73971B005938E8 /* CustomInputContainerView.swift */ = {isa = PBXFileReference; lastKnownFileType = sourcecode.swift; path = CustomInputContainerView.swift; sourceTree = "<group>"; };
		00DD19822B749DE6008CF4F9 /* InputViewController.swift */ = {isa = PBXFileReference; lastKnownFileType = sourcecode.swift; path = InputViewController.swift; sourceTree = "<group>"; };
		00DD19852B74CFF0008CF4F9 /* UITextField+Extension.swift */ = {isa = PBXFileReference; lastKnownFileType = sourcecode.swift; path = "UITextField+Extension.swift"; sourceTree = "<group>"; };
		00DD198A2B74EBFB008CF4F9 /* APIKeys.swift */ = {isa = PBXFileReference; lastKnownFileType = sourcecode.swift; path = APIKeys.swift; sourceTree = "<group>"; };
		00DD198C2B74EC75008CF4F9 /* ImagePickerViewController.swift */ = {isa = PBXFileReference; lastKnownFileType = sourcecode.swift; path = ImagePickerViewController.swift; sourceTree = "<group>"; };
/* End PBXFileReference section */

/* Begin PBXFrameworksBuildPhase section */
		00A3856D2B737E3E005938E8 /* Frameworks */ = {
			isa = PBXFrameworksBuildPhase;
			buildActionMask = 2147483647;
			files = (
				00A3858F2B737F37005938E8 /* Alamofire in Frameworks */,
				00DD19892B74E253008CF4F9 /* UnsplashPhotoPicker in Frameworks */,
				00A3858C2B737F18005938E8 /* Kingfisher in Frameworks */,
				00A385892B737EFC005938E8 /* SnapKit in Frameworks */,
				007602302B74FC5C0038595E /* Kingfisher in Frameworks */,
			);
			runOnlyForDeploymentPostprocessing = 0;
		};
/* End PBXFrameworksBuildPhase section */

/* Begin PBXGroup section */
		00A385672B737E3E005938E8 = {
			isa = PBXGroup;
			children = (
				00A385722B737E3E005938E8 /* ValueTransferPrac */,
				00A385712B737E3E005938E8 /* Products */,
			);
			sourceTree = "<group>";
		};
		00A385712B737E3E005938E8 /* Products */ = {
			isa = PBXGroup;
			children = (
				00A385702B737E3E005938E8 /* ValueTransferPrac.app */,
			);
			name = Products;
			sourceTree = "<group>";
		};
		00A385722B737E3E005938E8 /* ValueTransferPrac */ = {
			isa = PBXGroup;
			children = (
				00DD19842B74CFDF008CF4F9 /* Extensions */,
				00A385932B73930B005938E8 /* Procotols */,
				00A385902B737F3E005938E8 /* Scenes */,
				00A385732B737E3E005938E8 /* AppDelegate.swift */,
				00A385752B737E3E005938E8 /* SceneDelegate.swift */,
				00A385772B737E3E005938E8 /* ViewController.swift */,
				00DD198A2B74EBFB008CF4F9 /* APIKeys.swift */,
				00A385792B737E3E005938E8 /* Main.storyboard */,
				00A3857C2B737E3F005938E8 /* Assets.xcassets */,
				00A3857E2B737E3F005938E8 /* LaunchScreen.storyboard */,
				00A385812B737E3F005938E8 /* Info.plist */,
			);
			path = ValueTransferPrac;
			sourceTree = "<group>";
		};
		00A385902B737F3E005938E8 /* Scenes */ = {
			isa = PBXGroup;
			children = (
				00A385962B7396FA005938E8 /* CustomViews */,
				00A385912B737F51005938E8 /* ProfileViewController.swift */,
				00DD19822B749DE6008CF4F9 /* InputViewController.swift */,
				00DD198C2B74EC75008CF4F9 /* ImagePickerViewController.swift */,
			);
			path = Scenes;
			sourceTree = "<group>";
		};
		00A385932B73930B005938E8 /* Procotols */ = {
			isa = PBXGroup;
			children = (
				00A385942B739376005938E8 /* UIViewControllerConfigurationProtocol.swift */,
			);
			path = Procotols;
			sourceTree = "<group>";
		};
		00A385962B7396FA005938E8 /* CustomViews */ = {
			isa = PBXGroup;
			children = (
				00A385972B73971B005938E8 /* CustomInputContainerView.swift */,
			);
			path = CustomViews;
			sourceTree = "<group>";
		};
		00DD19842B74CFDF008CF4F9 /* Extensions */ = {
			isa = PBXGroup;
			children = (
				00DD19852B74CFF0008CF4F9 /* UITextField+Extension.swift */,
			);
			path = Extensions;
			sourceTree = "<group>";
		};
/* End PBXGroup section */

/* Begin PBXNativeTarget section */
		00A3856F2B737E3E005938E8 /* ValueTransferPrac */ = {
			isa = PBXNativeTarget;
			buildConfigurationList = 00A385842B737E3F005938E8 /* Build configuration list for PBXNativeTarget "ValueTransferPrac" */;
			buildPhases = (
				00A3856C2B737E3E005938E8 /* Sources */,
				00A3856D2B737E3E005938E8 /* Frameworks */,
				00A3856E2B737E3E005938E8 /* Resources */,
			);
			buildRules = (
			);
			dependencies = (
			);
			name = ValueTransferPrac;
			packageProductDependencies = (
				00A385882B737EFC005938E8 /* SnapKit */,
				00A3858B2B737F18005938E8 /* Kingfisher */,
				00A3858E2B737F37005938E8 /* Alamofire */,
				00DD19882B74E253008CF4F9 /* UnsplashPhotoPicker */,
				0076022F2B74FC5C0038595E /* Kingfisher */,
			);
			productName = ValueTransferPrac;
			productReference = 00A385702B737E3E005938E8 /* ValueTransferPrac.app */;
			productType = "com.apple.product-type.application";
		};
/* End PBXNativeTarget section */

/* Begin PBXProject section */
		00A385682B737E3E005938E8 /* Project object */ = {
			isa = PBXProject;
			attributes = {
				BuildIndependentTargetsInParallel = 1;
				LastSwiftUpdateCheck = 1500;
				LastUpgradeCheck = 1500;
				TargetAttributes = {
					00A3856F2B737E3E005938E8 = {
						CreatedOnToolsVersion = 15.0;
					};
				};
			};
			buildConfigurationList = 00A3856B2B737E3E005938E8 /* Build configuration list for PBXProject "ValueTransferPrac" */;
			compatibilityVersion = "Xcode 14.0";
			developmentRegion = en;
			hasScannedForEncodings = 0;
			knownRegions = (
				en,
				Base,
			);
			mainGroup = 00A385672B737E3E005938E8;
			packageReferences = (
				00A385872B737EFC005938E8 /* XCRemoteSwiftPackageReference "SnapKit" */,
				00A3858A2B737F18005938E8 /* XCRemoteSwiftPackageReference "Kingfisher" */,
				00A3858D2B737F37005938E8 /* XCRemoteSwiftPackageReference "Alamofire" */,
				00DD19872B74E253008CF4F9 /* XCRemoteSwiftPackageReference "unsplash-photopicker-ios" */,
			);
			productRefGroup = 00A385712B737E3E005938E8 /* Products */;
			projectDirPath = "";
			projectRoot = "";
			targets = (
				00A3856F2B737E3E005938E8 /* ValueTransferPrac */,
			);
		};
/* End PBXProject section */

/* Begin PBXResourcesBuildPhase section */
		00A3856E2B737E3E005938E8 /* Resources */ = {
			isa = PBXResourcesBuildPhase;
			buildActionMask = 2147483647;
			files = (
				00A385802B737E3F005938E8 /* LaunchScreen.storyboard in Resources */,
				00A3857D2B737E3F005938E8 /* Assets.xcassets in Resources */,
				00A3857B2B737E3E005938E8 /* Main.storyboard in Resources */,
			);
			runOnlyForDeploymentPostprocessing = 0;
		};
/* End PBXResourcesBuildPhase section */

/* Begin PBXSourcesBuildPhase section */
		00A3856C2B737E3E005938E8 /* Sources */ = {
			isa = PBXSourcesBuildPhase;
			buildActionMask = 2147483647;
			files = (
				00A385952B739376005938E8 /* UIViewControllerConfigurationProtocol.swift in Sources */,
				00A385782B737E3E005938E8 /* ViewController.swift in Sources */,
				00A385982B73971B005938E8 /* CustomInputContainerView.swift in Sources */,
				00DD198B2B74EBFB008CF4F9 /* APIKeys.swift in Sources */,
				00DD19832B749DE6008CF4F9 /* InputViewController.swift in Sources */,
				00A385742B737E3E005938E8 /* AppDelegate.swift in Sources */,
				00DD198D2B74EC75008CF4F9 /* ImagePickerViewController.swift in Sources */,
				00DD19862B74CFF0008CF4F9 /* UITextField+Extension.swift in Sources */,
				00A385922B737F51005938E8 /* ProfileViewController.swift in Sources */,
				00A385762B737E3E005938E8 /* SceneDelegate.swift in Sources */,
			);
			runOnlyForDeploymentPostprocessing = 0;
		};
/* End PBXSourcesBuildPhase section */

/* Begin PBXVariantGroup section */
		00A385792B737E3E005938E8 /* Main.storyboard */ = {
			isa = PBXVariantGroup;
			children = (
				00A3857A2B737E3E005938E8 /* Base */,
			);
			name = Main.storyboard;
			sourceTree = "<group>";
		};
		00A3857E2B737E3F005938E8 /* LaunchScreen.storyboard */ = {
			isa = PBXVariantGroup;
			children = (
				00A3857F2B737E3F005938E8 /* Base */,
			);
			name = LaunchScreen.storyboard;
			sourceTree = "<group>";
		};
/* End PBXVariantGroup section */

/* Begin XCBuildConfiguration section */
		00A385822B737E3F005938E8 /* Debug */ = {
			isa = XCBuildConfiguration;
			buildSettings = {
				ALWAYS_SEARCH_USER_PATHS = NO;
				ASSETCATALOG_COMPILER_GENERATE_SWIFT_ASSET_SYMBOL_EXTENSIONS = YES;
				CLANG_ANALYZER_NONNULL = YES;
				CLANG_ANALYZER_NUMBER_OBJECT_CONVERSION = YES_AGGRESSIVE;
				CLANG_CXX_LANGUAGE_STANDARD = "gnu++20";
				CLANG_ENABLE_MODULES = YES;
				CLANG_ENABLE_OBJC_ARC = YES;
				CLANG_ENABLE_OBJC_WEAK = YES;
				CLANG_WARN_BLOCK_CAPTURE_AUTORELEASING = YES;
				CLANG_WARN_BOOL_CONVERSION = YES;
				CLANG_WARN_COMMA = YES;
				CLANG_WARN_CONSTANT_CONVERSION = YES;
				CLANG_WARN_DEPRECATED_OBJC_IMPLEMENTATIONS = YES;
				CLANG_WARN_DIRECT_OBJC_ISA_USAGE = YES_ERROR;
				CLANG_WARN_DOCUMENTATION_COMMENTS = YES;
				CLANG_WARN_EMPTY_BODY = YES;
				CLANG_WARN_ENUM_CONVERSION = YES;
				CLANG_WARN_INFINITE_RECURSION = YES;
				CLANG_WARN_INT_CONVERSION = YES;
				CLANG_WARN_NON_LITERAL_NULL_CONVERSION = YES;
				CLANG_WARN_OBJC_IMPLICIT_RETAIN_SELF = YES;
				CLANG_WARN_OBJC_LITERAL_CONVERSION = YES;
				CLANG_WARN_OBJC_ROOT_CLASS = YES_ERROR;
				CLANG_WARN_QUOTED_INCLUDE_IN_FRAMEWORK_HEADER = YES;
				CLANG_WARN_RANGE_LOOP_ANALYSIS = YES;
				CLANG_WARN_STRICT_PROTOTYPES = YES;
				CLANG_WARN_SUSPICIOUS_MOVE = YES;
				CLANG_WARN_UNGUARDED_AVAILABILITY = YES_AGGRESSIVE;
				CLANG_WARN_UNREACHABLE_CODE = YES;
				CLANG_WARN__DUPLICATE_METHOD_MATCH = YES;
				COPY_PHASE_STRIP = NO;
				DEBUG_INFORMATION_FORMAT = dwarf;
				ENABLE_STRICT_OBJC_MSGSEND = YES;
				ENABLE_TESTABILITY = YES;
				ENABLE_USER_SCRIPT_SANDBOXING = YES;
				GCC_C_LANGUAGE_STANDARD = gnu17;
				GCC_DYNAMIC_NO_PIC = NO;
				GCC_NO_COMMON_BLOCKS = YES;
				GCC_OPTIMIZATION_LEVEL = 0;
				GCC_PREPROCESSOR_DEFINITIONS = (
					"DEBUG=1",
					"$(inherited)",
				);
				GCC_WARN_64_TO_32_BIT_CONVERSION = YES;
				GCC_WARN_ABOUT_RETURN_TYPE = YES_ERROR;
				GCC_WARN_UNDECLARED_SELECTOR = YES;
				GCC_WARN_UNINITIALIZED_AUTOS = YES_AGGRESSIVE;
				GCC_WARN_UNUSED_FUNCTION = YES;
				GCC_WARN_UNUSED_VARIABLE = YES;
				IPHONEOS_DEPLOYMENT_TARGET = 17.0;
				LOCALIZATION_PREFERS_STRING_CATALOGS = YES;
				MTL_ENABLE_DEBUG_INFO = INCLUDE_SOURCE;
				MTL_FAST_MATH = YES;
				ONLY_ACTIVE_ARCH = YES;
				SDKROOT = iphoneos;
				SWIFT_ACTIVE_COMPILATION_CONDITIONS = "DEBUG $(inherited)";
				SWIFT_OPTIMIZATION_LEVEL = "-Onone";
			};
			name = Debug;
		};
		00A385832B737E3F005938E8 /* Release */ = {
			isa = XCBuildConfiguration;
			buildSettings = {
				ALWAYS_SEARCH_USER_PATHS = NO;
				ASSETCATALOG_COMPILER_GENERATE_SWIFT_ASSET_SYMBOL_EXTENSIONS = YES;
				CLANG_ANALYZER_NONNULL = YES;
				CLANG_ANALYZER_NUMBER_OBJECT_CONVERSION = YES_AGGRESSIVE;
				CLANG_CXX_LANGUAGE_STANDARD = "gnu++20";
				CLANG_ENABLE_MODULES = YES;
				CLANG_ENABLE_OBJC_ARC = YES;
				CLANG_ENABLE_OBJC_WEAK = YES;
				CLANG_WARN_BLOCK_CAPTURE_AUTORELEASING = YES;
				CLANG_WARN_BOOL_CONVERSION = YES;
				CLANG_WARN_COMMA = YES;
				CLANG_WARN_CONSTANT_CONVERSION = YES;
				CLANG_WARN_DEPRECATED_OBJC_IMPLEMENTATIONS = YES;
				CLANG_WARN_DIRECT_OBJC_ISA_USAGE = YES_ERROR;
				CLANG_WARN_DOCUMENTATION_COMMENTS = YES;
				CLANG_WARN_EMPTY_BODY = YES;
				CLANG_WARN_ENUM_CONVERSION = YES;
				CLANG_WARN_INFINITE_RECURSION = YES;
				CLANG_WARN_INT_CONVERSION = YES;
				CLANG_WARN_NON_LITERAL_NULL_CONVERSION = YES;
				CLANG_WARN_OBJC_IMPLICIT_RETAIN_SELF = YES;
				CLANG_WARN_OBJC_LITERAL_CONVERSION = YES;
				CLANG_WARN_OBJC_ROOT_CLASS = YES_ERROR;
				CLANG_WARN_QUOTED_INCLUDE_IN_FRAMEWORK_HEADER = YES;
				CLANG_WARN_RANGE_LOOP_ANALYSIS = YES;
				CLANG_WARN_STRICT_PROTOTYPES = YES;
				CLANG_WARN_SUSPICIOUS_MOVE = YES;
				CLANG_WARN_UNGUARDED_AVAILABILITY = YES_AGGRESSIVE;
				CLANG_WARN_UNREACHABLE_CODE = YES;
				CLANG_WARN__DUPLICATE_METHOD_MATCH = YES;
				COPY_PHASE_STRIP = NO;
				DEBUG_INFORMATION_FORMAT = "dwarf-with-dsym";
				ENABLE_NS_ASSERTIONS = NO;
				ENABLE_STRICT_OBJC_MSGSEND = YES;
				ENABLE_USER_SCRIPT_SANDBOXING = YES;
				GCC_C_LANGUAGE_STANDARD = gnu17;
				GCC_NO_COMMON_BLOCKS = YES;
				GCC_WARN_64_TO_32_BIT_CONVERSION = YES;
				GCC_WARN_ABOUT_RETURN_TYPE = YES_ERROR;
				GCC_WARN_UNDECLARED_SELECTOR = YES;
				GCC_WARN_UNINITIALIZED_AUTOS = YES_AGGRESSIVE;
				GCC_WARN_UNUSED_FUNCTION = YES;
				GCC_WARN_UNUSED_VARIABLE = YES;
				IPHONEOS_DEPLOYMENT_TARGET = 17.0;
				LOCALIZATION_PREFERS_STRING_CATALOGS = YES;
				MTL_ENABLE_DEBUG_INFO = NO;
				MTL_FAST_MATH = YES;
				SDKROOT = iphoneos;
				SWIFT_COMPILATION_MODE = wholemodule;
				VALIDATE_PRODUCT = YES;
			};
			name = Release;
		};
		00A385852B737E3F005938E8 /* Debug */ = {
			isa = XCBuildConfiguration;
			buildSettings = {
				ASSETCATALOG_COMPILER_APPICON_NAME = AppIcon;
				ASSETCATALOG_COMPILER_GLOBAL_ACCENT_COLOR_NAME = AccentColor;
				CODE_SIGN_STYLE = Automatic;
				CURRENT_PROJECT_VERSION = 1;
				GENERATE_INFOPLIST_FILE = YES;
				INFOPLIST_FILE = ValueTransferPrac/Info.plist;
				INFOPLIST_KEY_UIApplicationSupportsIndirectInputEvents = YES;
				INFOPLIST_KEY_UILaunchStoryboardName = LaunchScreen;
				INFOPLIST_KEY_UIMainStoryboardFile = Main;
				INFOPLIST_KEY_UISupportedInterfaceOrientations = "UIInterfaceOrientationLandscapeRight UIInterfaceOrientationPortrait";
				INFOPLIST_KEY_UISupportedInterfaceOrientations_iPad = "UIInterfaceOrientationLandscapeLeft UIInterfaceOrientationLandscapeRight UIInterfaceOrientationPortrait UIInterfaceOrientationPortraitUpsideDown";
				LD_RUNPATH_SEARCH_PATHS = (
					"$(inherited)",
					"@executable_path/Frameworks",
				);
				MARKETING_VERSION = 1.0;
				PRODUCT_BUNDLE_IDENTIFIER = com.constdreamcoder.ValueTransferPrac;
				PRODUCT_NAME = "$(TARGET_NAME)";
				SUPPORTED_PLATFORMS = "iphoneos iphonesimulator";
				SUPPORTS_MACCATALYST = NO;
				SUPPORTS_MAC_DESIGNED_FOR_IPHONE_IPAD = NO;
				SWIFT_EMIT_LOC_STRINGS = YES;
				SWIFT_VERSION = 5.0;
				TARGETED_DEVICE_FAMILY = 1;
			};
			name = Debug;
		};
		00A385862B737E3F005938E8 /* Release */ = {
			isa = XCBuildConfiguration;
			buildSettings = {
				ASSETCATALOG_COMPILER_APPICON_NAME = AppIcon;
				ASSETCATALOG_COMPILER_GLOBAL_ACCENT_COLOR_NAME = AccentColor;
				CODE_SIGN_STYLE = Automatic;
				CURRENT_PROJECT_VERSION = 1;
				GENERATE_INFOPLIST_FILE = YES;
				INFOPLIST_FILE = ValueTransferPrac/Info.plist;
				INFOPLIST_KEY_UIApplicationSupportsIndirectInputEvents = YES;
				INFOPLIST_KEY_UILaunchStoryboardName = LaunchScreen;
				INFOPLIST_KEY_UIMainStoryboardFile = Main;
				INFOPLIST_KEY_UISupportedInterfaceOrientations = "UIInterfaceOrientationLandscapeRight UIInterfaceOrientationPortrait";
				INFOPLIST_KEY_UISupportedInterfaceOrientations_iPad = "UIInterfaceOrientationLandscapeLeft UIInterfaceOrientationLandscapeRight UIInterfaceOrientationPortrait UIInterfaceOrientationPortraitUpsideDown";
				LD_RUNPATH_SEARCH_PATHS = (
					"$(inherited)",
					"@executable_path/Frameworks",
				);
				MARKETING_VERSION = 1.0;
				PRODUCT_BUNDLE_IDENTIFIER = com.constdreamcoder.ValueTransferPrac;
				PRODUCT_NAME = "$(TARGET_NAME)";
				SUPPORTED_PLATFORMS = "iphoneos iphonesimulator";
				SUPPORTS_MACCATALYST = NO;
				SUPPORTS_MAC_DESIGNED_FOR_IPHONE_IPAD = NO;
				SWIFT_EMIT_LOC_STRINGS = YES;
				SWIFT_VERSION = 5.0;
				TARGETED_DEVICE_FAMILY = 1;
			};
			name = Release;
		};
/* End XCBuildConfiguration section */

/* Begin XCConfigurationList section */
		00A3856B2B737E3E005938E8 /* Build configuration list for PBXProject "ValueTransferPrac" */ = {
			isa = XCConfigurationList;
			buildConfigurations = (
				00A385822B737E3F005938E8 /* Debug */,
				00A385832B737E3F005938E8 /* Release */,
			);
			defaultConfigurationIsVisible = 0;
			defaultConfigurationName = Release;
		};
		00A385842B737E3F005938E8 /* Build configuration list for PBXNativeTarget "ValueTransferPrac" */ = {
			isa = XCConfigurationList;
			buildConfigurations = (
				00A385852B737E3F005938E8 /* Debug */,
				00A385862B737E3F005938E8 /* Release */,
			);
			defaultConfigurationIsVisible = 0;
			defaultConfigurationName = Release;
		};
/* End XCConfigurationList section */

/* Begin XCRemoteSwiftPackageReference section */
		00A385872B737EFC005938E8 /* XCRemoteSwiftPackageReference "SnapKit" */ = {
			isa = XCRemoteSwiftPackageReference;
			repositoryURL = "https://github.com/SnapKit/SnapKit.git";
			requirement = {
				kind = upToNextMajorVersion;
				minimumVersion = 5.7.0;
			};
		};
		00A3858A2B737F18005938E8 /* XCRemoteSwiftPackageReference "Kingfisher" */ = {
			isa = XCRemoteSwiftPackageReference;
			repositoryURL = "https://github.com/onevcat/Kingfisher.git";
			requirement = {
				kind = upToNextMajorVersion;
				minimumVersion = 7.10.2;
			};
		};
		00A3858D2B737F37005938E8 /* XCRemoteSwiftPackageReference "Alamofire" */ = {
			isa = XCRemoteSwiftPackageReference;
			repositoryURL = "https://github.com/Alamofire/Alamofire.git";
			requirement = {
				kind = upToNextMajorVersion;
				minimumVersion = 5.8.1;
			};
		};
		00DD19872B74E253008CF4F9 /* XCRemoteSwiftPackageReference "unsplash-photopicker-ios" */ = {
			isa = XCRemoteSwiftPackageReference;
			repositoryURL = "https://github.com/unsplash/unsplash-photopicker-ios.git";
			requirement = {
				kind = upToNextMajorVersion;
				minimumVersion = 1.3.0;
			};
		};
/* End XCRemoteSwiftPackageReference section */

/* Begin XCSwiftPackageProductDependency section */
		0076022F2B74FC5C0038595E /* Kingfisher */ = {
			isa = XCSwiftPackageProductDependency;
			package = 00A3858A2B737F18005938E8 /* XCRemoteSwiftPackageReference "Kingfisher" */;
			productName = Kingfisher;
		};
		00A385882B737EFC005938E8 /* SnapKit */ = {
			isa = XCSwiftPackageProductDependency;
			package = 00A385872B737EFC005938E8 /* XCRemoteSwiftPackageReference "SnapKit" */;
			productName = SnapKit;
		};
		00A3858B2B737F18005938E8 /* Kingfisher */ = {
			isa = XCSwiftPackageProductDependency;
			package = 00A3858A2B737F18005938E8 /* XCRemoteSwiftPackageReference "Kingfisher" */;
			productName = Kingfisher;
		};
		00A3858E2B737F37005938E8 /* Alamofire */ = {
			isa = XCSwiftPackageProductDependency;
			package = 00A3858D2B737F37005938E8 /* XCRemoteSwiftPackageReference "Alamofire" */;
			productName = Alamofire;
		};
		00DD19882B74E253008CF4F9 /* UnsplashPhotoPicker */ = {
			isa = XCSwiftPackageProductDependency;
			package = 00DD19872B74E253008CF4F9 /* XCRemoteSwiftPackageReference "unsplash-photopicker-ios" */;
			productName = UnsplashPhotoPicker;
		};
/* End XCSwiftPackageProductDependency section */
	};
	rootObject = 00A385682B737E3E005938E8 /* Project object */;
}
